<?xml version="1.0" encoding="utf-8"?>
<Project ToolsVersion="4.0" xmlns="http://schemas.microsoft.com/developer/msbuild/2003">
  <ItemGroup>
    <Filter Include="Source Files">
      <UniqueIdentifier>{4FC737F1-C7A5-4376-A066-2A32D752A2FF}</UniqueIdentifier>
      <Extensions>cpp;c;cc;cxx;def;odl;idl;hpj;bat;asm;asmx</Extensions>
    </Filter>
    <Filter Include="Header Files">
      <UniqueIdentifier>{93995380-89BD-4b04-88EB-625FBE52EBFB}</UniqueIdentifier>
      <Extensions>h;hpp;hxx;hm;inl;inc;xsd</Extensions>
    </Filter>
    <Filter Include="Resource Files">
      <UniqueIdentifier>{67DA6AB6-F800-4c08-8B7A-83BB121AAD01}</UniqueIdentifier>
      <Extensions>rc;ico;cur;bmp;dlg;rc2;rct;bin;rgs;gif;jpg;jpeg;jpe;resx;tiff;tif;png;wav;mfcribbon-ms</Extensions>
    </Filter>
    <Filter Include="Flownodes">
      <UniqueIdentifier>{3dbb79e5-f449-4f45-a4a4-4456aaa54801}</UniqueIdentifier>
    </Filter>
    <Filter Include="Tools">
      <UniqueIdentifier>{0d1948f1-18d8-4351-b88e-e598c0f85e8e}</UniqueIdentifier>
      <Extensions>exe;bat;astylerc</Extensions>
    </Filter>
    <Filter Include="Installer">
      <UniqueIdentifier>{c0a95c4c-0cf0-49ca-8c66-7f2dfbb67df2}</UniqueIdentifier>
      <Extensions>nsi;nsh</Extensions>
    </Filter>
    <Filter Include="Systems">
      <UniqueIdentifier>{bb7b4bfa-508b-4e65-a1e1-1cbd5ffd8ec5}</UniqueIdentifier>
    </Filter>
    <Filter Include="Systems\DX9">
      <UniqueIdentifier>{804aaf6b-fea4-481e-bade-01970cf9cb34}</UniqueIdentifier>
    </Filter>
    <Filter Include="Systems\DX11">
      <UniqueIdentifier>{43588854-7c9b-4029-9bbb-38de8e13f682}</UniqueIdentifier>
    </Filter>
  </ItemGroup>
  <ItemGroup>
    <None Include="..\readme.md" />
    <None Include="..\changelog.md" />
    <None Include="..\license.txt" />
    <None Include="..\authors.txt" />
    <None Include="..\tools\_astyle.exe">
      <Filter>Tools</Filter>
    </None>
    <None Include="..\tools\_stylehelper.bat">
      <Filter>Tools</Filter>
    </None>
    <None Include="..\tools\build.bat">
      <Filter>Tools</Filter>
    </None>
    <None Include="..\tools\codestyle.astylerc">
      <Filter>Tools</Filter>
    </None>
    <None Include="..\tools\stylecode.bat">
      <Filter>Tools</Filter>
    </None>
    <None Include="..\tools\build_installer.bat">
      <Filter>Installer</Filter>
    </None>
    <None Include="..\tools\test_Installer.nsi">
      <Filter>Installer</Filter>
    </None>
  </ItemGroup>
  <ItemGroup>
    <ClCompile Include="..\src\StdAfx.cpp">
      <Filter>Source Files</Filter>
    </ClCompile>
    <ClCompile Include="..\src\CPlugintestModule.cpp">
      <Filter>Source Files</Filter>
    </ClCompile>
    <ClCompile Include="..\src\CPlugintest.cpp">
      <Filter>Source Files</Filter>
    </ClCompile>
    <ClCompile Include="..\src\CGPUMesh.cpp">
      <Filter>Source Files</Filter>
    </ClCompile>
    <ClCompile Include="..\src\CPluginD3D.cpp">
      <Filter>Source Files</Filter>
    </ClCompile>
    <ClCompile Include="..\src\dx11\CD3DSystemDX11.cpp">
      <Filter>Systems\DX11</Filter>
    </ClCompile>
    <ClCompile Include="..\src\dx9\CD3DSystemDX9.cpp">
      <Filter>Systems\DX9</Filter>
    </ClCompile>
  </ItemGroup>
  <ItemGroup>
    <ClInclude Include="..\src\StdAfx.h">
      <Filter>Header Files</Filter>
    </ClInclude>
    <ClInclude Include="..\src\CPlugintest.h">
      <Filter>Header Files</Filter>
    </ClInclude>
    <ClInclude Include="..\inc\IPlugintest.h">
      <Filter>Header Files</Filter>
    </ClInclude>
    <ClInclude Include="resource.h">
      <Filter>Resource Files</Filter>
    </ClInclude>
    <ClInclude Include="..\src\CGPUMesh.h">
      <Filter>Header Files</Filter>
    </ClInclude>
    <ClInclude Include="..\inc\IPluginD3D.h">
      <Filter>Header Files</Filter>
    </ClInclude>
    <ClInclude Include="..\src\CPluginD3D.h">
      <Filter>Header Files</Filter>
    </ClInclude>
    <ClInclude Include="..\src\dx11\CD3DSystemDX11.h">
      <Filter>Systems\DX11</Filter>
    </ClInclude>
    <ClInclude Include="..\src\dx11\d3d11hook.h">
      <Filter>Systems\DX11</Filter>
    </ClInclude>
    <ClInclude Include="..\src\dx9\CD3DSystemDX9.h">
      <Filter>Systems\DX9</Filter>
    </ClInclude>
    <ClInclude Include="..\src\dx9\d3d9hook.h">
      <Filter>Systems\DX9</Filter>
    </ClInclude>
  </ItemGroup>
  <ItemGroup>
    <ResourceCompile Include="version.rc">
      <Filter>Resource Files</Filter>
    </ResourceCompile>
  </ItemGroup>
  <ItemGroup>
    <CudaCompile Include="..\src\kernel.cu">
      <Filter>Source Files</Filter>
    </CudaCompile>
  </ItemGroup>
</Project>